
Microsoft Visual Studio Solution File, Format Version 12.00
# Visual Studio Version 16
VisualStudioVersion = 25.0.1706.9
MinimumVisualStudioVersion = 10.0.40219.1
Project("{FAE04EC0-301F-11D3-BF4B-00C04F79EFBC}") = "Sealed-Struct-Enum-Nullable", "Sealed-Struct-Enum-Nullable\Sealed-Struct-Enum-Nullable.csproj", "{08C075F5-976F-49B5-957F-940EBD76597D}"
EndProject
Global
	GlobalSection(SolutionConfigurationPlatforms) = preSolution
		Debug|Any CPU = Debug|Any CPU
		Release|Any CPU = Release|Any CPU
	EndGlobalSection
	GlobalSection(ProjectConfigurationPlatforms) = postSolution
		{08C075F5-976F-49B5-957F-940EBD76597D}.Debug|Any CPU.ActiveCfg = Debug|Any CPU
		{08C075F5-976F-49B5-957F-940EBD76597D}.Debug|Any CPU.Build.0 = Debug|Any CPU
		{08C075F5-976F-49B5-957F-940EBD76597D}.Release|Any CPU.ActiveCfg = Release|Any CPU
		{08C075F5-976F-49B5-957F-940EBD76597D}.Release|Any CPU.Build.0 = Release|Any CPU
	EndGlobalSection
	GlobalSection(SolutionProperties) = preSolution
		HideSolutionNode = FALSE
	EndGlobalSection
	GlobalSection(ExtensibilityGlobals) = postSolution
		SolutionGuid = {CB09D3AF-908F-4833-B2C6-0B0E0A2AFAA7}
	EndGlobalSection
EndGlobal
